// !$*UTF8*$!
{
	archiveVersion = 1;
	classes = {
	};
	objectVersion = 46;
	objects = {

/* Begin PBXBuildFile section */
		541F5E4D16B93B48000A795F /* FileReader.cpp in Sources */ = {isa = PBXBuildFile; fileRef = 541F5E1716B93B48000A795F /* FileReader.cpp */; };
		541F5E4E16B93B48000A795F /* LinkedCellParticleContainer.cpp in Sources */ = {isa = PBXBuildFile; fileRef = 541F5E1916B93B48000A795F /* LinkedCellParticleContainer.cpp */; };
		541F5E4F16B93B48000A795F /* ListParticleContainer.cpp in Sources */ = {isa = PBXBuildFile; fileRef = 541F5E1B16B93B48000A795F /* ListParticleContainer.cpp */; };
		541F5E5016B93B48000A795F /* Logging.cpp in Sources */ = {isa = PBXBuildFile; fileRef = 541F5E1D16B93B48000A795F /* Logging.cpp */; };
		541F5E5116B93B48000A795F /* main.cpp in Sources */ = {isa = PBXBuildFile; fileRef = 541F5E1F16B93B48000A795F /* main.cpp */; };
		541F5E5216B93B48000A795F /* MaxwellBoltzmannDistribution.cpp in Sources */ = {isa = PBXBuildFile; fileRef = 541F5E2016B93B48000A795F /* MaxwellBoltzmannDistribution.cpp */; };
		541F5E5316B93B48000A795F /* MembraneContainer.cpp in Sources */ = {isa = PBXBuildFile; fileRef = 541F5E2216B93B48000A795F /* MembraneContainer.cpp */; };
		541F5E5416B93B48000A795F /* MolSim.cpp in Sources */ = {isa = PBXBuildFile; fileRef = 541F5E2416B93B48000A795F /* MolSim.cpp */; };
		541F5E5516B93B48000A795F /* vtk-unstructured.cpp in Sources */ = {isa = PBXBuildFile; fileRef = 541F5E2716B93B48000A795F /* vtk-unstructured.cpp */; };
		541F5E5616B93B48000A795F /* VTKWriter.cpp in Sources */ = {isa = PBXBuildFile; fileRef = 541F5E2B16B93B48000A795F /* VTKWriter.cpp */; };
		541F5E5716B93B48000A795F /* XYZWriter.cpp in Sources */ = {isa = PBXBuildFile; fileRef = 541F5E2D16B93B48000A795F /* XYZWriter.cpp */; };
		541F5E5816B93B48000A795F /* Particle.cpp in Sources */ = {isa = PBXBuildFile; fileRef = 541F5E2F16B93B48000A795F /* Particle.cpp */; };
		541F5E5916B93B48000A795F /* PerformanceTest.cpp in Sources */ = {isa = PBXBuildFile; fileRef = 541F5E3416B93B48000A795F /* PerformanceTest.cpp */; };
		541F5E5A16B93B48000A795F /* Simulation.cpp in Sources */ = {isa = PBXBuildFile; fileRef = 541F5E3616B93B48000A795F /* Simulation.cpp */; };
		541F5E5B16B93B48000A795F /* TXTFile.cpp in Sources */ = {isa = PBXBuildFile; fileRef = 541F5E3916B93B48000A795F /* TXTFile.cpp */; };
		541F5E5C16B93B48000A795F /* Color.cpp in Sources */ = {isa = PBXBuildFile; fileRef = 541F5E3D16B93B48000A795F /* Color.cpp */; };
		541F5E5D16B93B48000A795F /* Viewer.cpp in Sources */ = {isa = PBXBuildFile; fileRef = 541F5E4516B93B48000A795F /* Viewer.cpp */; };
		541F5E5E16B93B48000A795F /* simulationfile.cpp in Sources */ = {isa = PBXBuildFile; fileRef = 541F5E4816B93B48000A795F /* simulationfile.cpp */; };
		541F5E5F16B93B48000A795F /* XMLFileReader.cpp in Sources */ = {isa = PBXBuildFile; fileRef = 541F5E4A16B93B48000A795F /* XMLFileReader.cpp */; };
/* End PBXBuildFile section */

/* Begin PBXCopyFilesBuildPhase section */
		5432C7171687C2F000C7BAEF /* CopyFiles */ = {
			isa = PBXCopyFilesBuildPhase;
			buildActionMask = 2147483647;
			dstPath = /usr/share/man/man1/;
			dstSubfolderSpec = 0;
			files = (
			);
			runOnlyForDeploymentPostprocessing = 1;
		};
/* End PBXCopyFilesBuildPhase section */

/* Begin PBXFileReference section */
		541F5E1716B93B48000A795F /* FileReader.cpp */ = {isa = PBXFileReference; fileEncoding = 4; lastKnownFileType = sourcecode.cpp.cpp; path = FileReader.cpp; sourceTree = "<group>"; };
		541F5E1816B93B48000A795F /* FileReader.h */ = {isa = PBXFileReference; fileEncoding = 4; lastKnownFileType = sourcecode.c.h; path = FileReader.h; sourceTree = "<group>"; };
		541F5E1916B93B48000A795F /* LinkedCellParticleContainer.cpp */ = {isa = PBXFileReference; fileEncoding = 4; lastKnownFileType = sourcecode.cpp.cpp; path = LinkedCellParticleContainer.cpp; sourceTree = "<group>"; };
		541F5E1A16B93B48000A795F /* LinkedCellParticleContainer.h */ = {isa = PBXFileReference; fileEncoding = 4; lastKnownFileType = sourcecode.c.h; path = LinkedCellParticleContainer.h; sourceTree = "<group>"; };
		541F5E1B16B93B48000A795F /* ListParticleContainer.cpp */ = {isa = PBXFileReference; fileEncoding = 4; lastKnownFileType = sourcecode.cpp.cpp; path = ListParticleContainer.cpp; sourceTree = "<group>"; };
		541F5E1C16B93B48000A795F /* ListParticleContainer.h */ = {isa = PBXFileReference; fileEncoding = 4; lastKnownFileType = sourcecode.c.h; path = ListParticleContainer.h; sourceTree = "<group>"; };
		541F5E1D16B93B48000A795F /* Logging.cpp */ = {isa = PBXFileReference; fileEncoding = 4; lastKnownFileType = sourcecode.cpp.cpp; path = Logging.cpp; sourceTree = "<group>"; };
		541F5E1E16B93B48000A795F /* Logging.h */ = {isa = PBXFileReference; fileEncoding = 4; lastKnownFileType = sourcecode.c.h; path = Logging.h; sourceTree = "<group>"; };
		541F5E1F16B93B48000A795F /* main.cpp */ = {isa = PBXFileReference; fileEncoding = 4; lastKnownFileType = sourcecode.cpp.cpp; path = main.cpp; sourceTree = "<group>"; };
		541F5E2016B93B48000A795F /* MaxwellBoltzmannDistribution.cpp */ = {isa = PBXFileReference; fileEncoding = 4; lastKnownFileType = sourcecode.cpp.cpp; path = MaxwellBoltzmannDistribution.cpp; sourceTree = "<group>"; };
		541F5E2116B93B48000A795F /* MaxwellBoltzmannDistribution.h */ = {isa = PBXFileReference; fileEncoding = 4; lastKnownFileType = sourcecode.c.h; path = MaxwellBoltzmannDistribution.h; sourceTree = "<group>"; };
		541F5E2216B93B48000A795F /* MembraneContainer.cpp */ = {isa = PBXFileReference; fileEncoding = 4; lastKnownFileType = sourcecode.cpp.cpp; path = MembraneContainer.cpp; sourceTree = "<group>"; };
		541F5E2316B93B48000A795F /* MembraneContainer.h */ = {isa = PBXFileReference; fileEncoding = 4; lastKnownFileType = sourcecode.c.h; path = MembraneContainer.h; sourceTree = "<group>"; };
		541F5E2416B93B48000A795F /* MolSim.cpp */ = {isa = PBXFileReference; fileEncoding = 4; lastKnownFileType = sourcecode.cpp.cpp; path = MolSim.cpp; sourceTree = "<group>"; };
		541F5E2516B93B48000A795F /* MolSim.h */ = {isa = PBXFileReference; fileEncoding = 4; lastKnownFileType = sourcecode.c.h; path = MolSim.h; sourceTree = "<group>"; };
		541F5E2716B93B48000A795F /* vtk-unstructured.cpp */ = {isa = PBXFileReference; fileEncoding = 4; lastKnownFileType = sourcecode.cpp.cpp; path = "vtk-unstructured.cpp"; sourceTree = "<group>"; };
		541F5E2816B93B48000A795F /* vtk-unstructured.h */ = {isa = PBXFileReference; fileEncoding = 4; lastKnownFileType = sourcecode.c.h; path = "vtk-unstructured.h"; sourceTree = "<group>"; };
		541F5E2916B93B48000A795F /* vtk-unstructured.ixx */ = {isa = PBXFileReference; fileEncoding = 4; lastKnownFileType = text; path = "vtk-unstructured.ixx"; sourceTree = "<group>"; };
		541F5E2A16B93B48000A795F /* vtk-unstructured.xsd */ = {isa = PBXFileReference; fileEncoding = 4; lastKnownFileType = text.xml; path = "vtk-unstructured.xsd"; sourceTree = "<group>"; };
		541F5E2B16B93B48000A795F /* VTKWriter.cpp */ = {isa = PBXFileReference; fileEncoding = 4; lastKnownFileType = sourcecode.cpp.cpp; path = VTKWriter.cpp; sourceTree = "<group>"; };
		541F5E2C16B93B48000A795F /* VTKWriter.h */ = {isa = PBXFileReference; fileEncoding = 4; lastKnownFileType = sourcecode.c.h; path = VTKWriter.h; sourceTree = "<group>"; };
		541F5E2D16B93B48000A795F /* XYZWriter.cpp */ = {isa = PBXFileReference; fileEncoding = 4; lastKnownFileType = sourcecode.cpp.cpp; path = XYZWriter.cpp; sourceTree = "<group>"; };
		541F5E2E16B93B48000A795F /* XYZWriter.h */ = {isa = PBXFileReference; fileEncoding = 4; lastKnownFileType = sourcecode.c.h; path = XYZWriter.h; sourceTree = "<group>"; };
		541F5E2F16B93B48000A795F /* Particle.cpp */ = {isa = PBXFileReference; fileEncoding = 4; lastKnownFileType = sourcecode.cpp.cpp; path = Particle.cpp; sourceTree = "<group>"; };
		541F5E3016B93B48000A795F /* Particle.h */ = {isa = PBXFileReference; fileEncoding = 4; lastKnownFileType = sourcecode.c.h; path = Particle.h; sourceTree = "<group>"; };
		541F5E3116B93B48000A795F /* ParticleContainer.h */ = {isa = PBXFileReference; fileEncoding = 4; lastKnownFileType = sourcecode.c.h; path = ParticleContainer.h; sourceTree = "<group>"; };
		541F5E3216B93B48000A795F /* ParticleContainerTest.h */ = {isa = PBXFileReference; fileEncoding = 4; lastKnownFileType = sourcecode.c.h; path = ParticleContainerTest.h; sourceTree = "<group>"; };
		541F5E3316B93B48000A795F /* ParticleGenerator.h */ = {isa = PBXFileReference; fileEncoding = 4; lastKnownFileType = sourcecode.c.h; path = ParticleGenerator.h; sourceTree = "<group>"; };
		541F5E3416B93B48000A795F /* PerformanceTest.cpp */ = {isa = PBXFileReference; fileEncoding = 4; lastKnownFileType = sourcecode.cpp.cpp; path = PerformanceTest.cpp; sourceTree = "<group>"; };
		541F5E3516B93B48000A795F /* PerformanceTest.h */ = {isa = PBXFileReference; fileEncoding = 4; lastKnownFileType = sourcecode.c.h; path = PerformanceTest.h; sourceTree = "<group>"; };
		541F5E3616B93B48000A795F /* Simulation.cpp */ = {isa = PBXFileReference; fileEncoding = 4; lastKnownFileType = sourcecode.cpp.cpp; path = Simulation.cpp; sourceTree = "<group>"; };
		541F5E3716B93B48000A795F /* Simulation.h */ = {isa = PBXFileReference; fileEncoding = 4; lastKnownFileType = sourcecode.c.h; path = Simulation.h; sourceTree = "<group>"; };
		541F5E3816B93B48000A795F /* SimulationDesc.h */ = {isa = PBXFileReference; fileEncoding = 4; lastKnownFileType = sourcecode.c.h; path = SimulationDesc.h; sourceTree = "<group>"; };
		541F5E3916B93B48000A795F /* TXTFile.cpp */ = {isa = PBXFileReference; fileEncoding = 4; lastKnownFileType = sourcecode.cpp.cpp; path = TXTFile.cpp; sourceTree = "<group>"; };
		541F5E3A16B93B48000A795F /* TXTFile.h */ = {isa = PBXFileReference; fileEncoding = 4; lastKnownFileType = sourcecode.c.h; path = TXTFile.h; sourceTree = "<group>"; };
		541F5E3C16B93B48000A795F /* Base.h */ = {isa = PBXFileReference; fileEncoding = 4; lastKnownFileType = sourcecode.c.h; path = Base.h; sourceTree = "<group>"; };
		541F5E3D16B93B48000A795F /* Color.cpp */ = {isa = PBXFileReference; fileEncoding = 4; lastKnownFileType = sourcecode.cpp.cpp; path = Color.cpp; sourceTree = "<group>"; };
		541F5E3E16B93B48000A795F /* Color.h */ = {isa = PBXFileReference; fileEncoding = 4; lastKnownFileType = sourcecode.c.h; path = Color.h; sourceTree = "<group>"; };
		541F5E3F16B93B48000A795F /* Helper.h */ = {isa = PBXFileReference; fileEncoding = 4; lastKnownFileType = sourcecode.c.h; path = Helper.h; sourceTree = "<group>"; };
		541F5E4016B93B48000A795F /* Plane.h */ = {isa = PBXFileReference; fileEncoding = 4; lastKnownFileType = sourcecode.c.h; path = Plane.h; sourceTree = "<group>"; };
		541F5E4116B93B48000A795F /* TFastArray.h */ = {isa = PBXFileReference; fileEncoding = 4; lastKnownFileType = sourcecode.c.h; path = TFastArray.h; sourceTree = "<group>"; };
		541F5E4216B93B48000A795F /* Timer.h */ = {isa = PBXFileReference; fileEncoding = 4; lastKnownFileType = sourcecode.c.h; path = Timer.h; sourceTree = "<group>"; };
		541F5E4316B93B48000A795F /* utils.h */ = {isa = PBXFileReference; fileEncoding = 4; lastKnownFileType = sourcecode.c.h; path = utils.h; sourceTree = "<group>"; };
		541F5E4416B93B48000A795F /* Vector.h */ = {isa = PBXFileReference; fileEncoding = 4; lastKnownFileType = sourcecode.c.h; path = Vector.h; sourceTree = "<group>"; };
		541F5E4516B93B48000A795F /* Viewer.cpp */ = {isa = PBXFileReference; fileEncoding = 4; lastKnownFileType = sourcecode.cpp.cpp; path = Viewer.cpp; sourceTree = "<group>"; };
		541F5E4616B93B48000A795F /* Viewer.h */ = {isa = PBXFileReference; fileEncoding = 4; lastKnownFileType = sourcecode.c.h; path = Viewer.h; sourceTree = "<group>"; };
		541F5E4816B93B48000A795F /* simulationfile.cpp */ = {isa = PBXFileReference; fileEncoding = 4; lastKnownFileType = sourcecode.cpp.cpp; path = simulationfile.cpp; sourceTree = "<group>"; };
		541F5E4916B93B48000A795F /* simulationfile.h */ = {isa = PBXFileReference; fileEncoding = 4; lastKnownFileType = sourcecode.c.h; path = simulationfile.h; sourceTree = "<group>"; };
		541F5E4A16B93B48000A795F /* XMLFileReader.cpp */ = {isa = PBXFileReference; fileEncoding = 4; lastKnownFileType = sourcecode.cpp.cpp; path = XMLFileReader.cpp; sourceTree = "<group>"; };
		541F5E4B16B93B48000A795F /* XMLFileReader.h */ = {isa = PBXFileReference; fileEncoding = 4; lastKnownFileType = sourcecode.c.h; path = XMLFileReader.h; sourceTree = "<group>"; };
		541F5E4C16B93B48000A795F /* XMLFileReaderTest.h */ = {isa = PBXFileReference; fileEncoding = 4; lastKnownFileType = sourcecode.c.h; path = XMLFileReaderTest.h; sourceTree = "<group>"; };
		5432C7191687C2F000C7BAEF /* molsim */ = {isa = PBXFileReference; explicitFileType = "compiled.mach-o.executable"; includeInIndex = 0; path = molsim; sourceTree = BUILT_PRODUCTS_DIR; };
/* End PBXFileReference section */

/* Begin PBXFrameworksBuildPhase section */
		5432C7161687C2F000C7BAEF /* Frameworks */ = {
			isa = PBXFrameworksBuildPhase;
			buildActionMask = 2147483647;
			files = (
			);
			runOnlyForDeploymentPostprocessing = 0;
		};
/* End PBXFrameworksBuildPhase section */

/* Begin PBXGroup section */
		541F5E1616B93B48000A795F /* src */ = {
			isa = PBXGroup;
			children = (
				541F5E1716B93B48000A795F /* FileReader.cpp */,
				541F5E1816B93B48000A795F /* FileReader.h */,
				541F5E1916B93B48000A795F /* LinkedCellParticleContainer.cpp */,
				541F5E1A16B93B48000A795F /* LinkedCellParticleContainer.h */,
				541F5E1B16B93B48000A795F /* ListParticleContainer.cpp */,
				541F5E1C16B93B48000A795F /* ListParticleContainer.h */,
				541F5E1D16B93B48000A795F /* Logging.cpp */,
				541F5E1E16B93B48000A795F /* Logging.h */,
				541F5E1F16B93B48000A795F /* main.cpp */,
				541F5E2016B93B48000A795F /* MaxwellBoltzmannDistribution.cpp */,
				541F5E2116B93B48000A795F /* MaxwellBoltzmannDistribution.h */,
				541F5E2216B93B48000A795F /* MembraneContainer.cpp */,
				541F5E2316B93B48000A795F /* MembraneContainer.h */,
				541F5E2416B93B48000A795F /* MolSim.cpp */,
				541F5E2516B93B48000A795F /* MolSim.h */,
				541F5E2616B93B48000A795F /* outputWriter */,
				541F5E2F16B93B48000A795F /* Particle.cpp */,
				541F5E3016B93B48000A795F /* Particle.h */,
				541F5E3116B93B48000A795F /* ParticleContainer.h */,
				541F5E3216B93B48000A795F /* ParticleContainerTest.h */,
				541F5E3316B93B48000A795F /* ParticleGenerator.h */,
				541F5E3416B93B48000A795F /* PerformanceTest.cpp */,
				541F5E3516B93B48000A795F /* PerformanceTest.h */,
				541F5E3616B93B48000A795F /* Simulation.cpp */,
				541F5E3716B93B48000A795F /* Simulation.h */,
				541F5E3816B93B48000A795F /* SimulationDesc.h */,
				541F5E3916B93B48000A795F /* TXTFile.cpp */,
				541F5E3A16B93B48000A795F /* TXTFile.h */,
				541F5E3B16B93B48000A795F /* utils */,
				541F5E4516B93B48000A795F /* Viewer.cpp */,
				541F5E4616B93B48000A795F /* Viewer.h */,
				541F5E4716B93B48000A795F /* XMLFile */,
				541F5E4A16B93B48000A795F /* XMLFileReader.cpp */,
				541F5E4B16B93B48000A795F /* XMLFileReader.h */,
				541F5E4C16B93B48000A795F /* XMLFileReaderTest.h */,
			);
			path = src;
			sourceTree = SOURCE_ROOT;
		};
		541F5E2616B93B48000A795F /* outputWriter */ = {
			isa = PBXGroup;
			children = (
				541F5E2716B93B48000A795F /* vtk-unstructured.cpp */,
				541F5E2816B93B48000A795F /* vtk-unstructured.h */,
				541F5E2916B93B48000A795F /* vtk-unstructured.ixx */,
				541F5E2A16B93B48000A795F /* vtk-unstructured.xsd */,
				541F5E2B16B93B48000A795F /* VTKWriter.cpp */,
				541F5E2C16B93B48000A795F /* VTKWriter.h */,
				541F5E2D16B93B48000A795F /* XYZWriter.cpp */,
				541F5E2E16B93B48000A795F /* XYZWriter.h */,
			);
			path = outputWriter;
			sourceTree = "<group>";
		};
		541F5E3B16B93B48000A795F /* utils */ = {
			isa = PBXGroup;
			children = (
				541F5E3C16B93B48000A795F /* Base.h */,
				541F5E3D16B93B48000A795F /* Color.cpp */,
				541F5E3E16B93B48000A795F /* Color.h */,
				541F5E3F16B93B48000A795F /* Helper.h */,
				541F5E4016B93B48000A795F /* Plane.h */,
				541F5E4116B93B48000A795F /* TFastArray.h */,
				541F5E4216B93B48000A795F /* Timer.h */,
				541F5E4316B93B48000A795F /* utils.h */,
				541F5E4416B93B48000A795F /* Vector.h */,
			);
			path = utils;
			sourceTree = "<group>";
		};
		541F5E4716B93B48000A795F /* XMLFile */ = {
			isa = PBXGroup;
			children = (
				541F5E4816B93B48000A795F /* simulationfile.cpp */,
				541F5E4916B93B48000A795F /* simulationfile.h */,
			);
			path = XMLFile;
			sourceTree = "<group>";
		};
		5432C70E1687C2F000C7BAEF = {
			isa = PBXGroup;
			children = (
				5432C71C1687C2F000C7BAEF /* MolSimDS */,
				5432C71A1687C2F000C7BAEF /* Products */,
			);
			sourceTree = "<group>";
		};
		5432C71A1687C2F000C7BAEF /* Products */ = {
			isa = PBXGroup;
			children = (
				5432C7191687C2F000C7BAEF /* molsim */,
			);
			name = Products;
			sourceTree = "<group>";
		};
		5432C71C1687C2F000C7BAEF /* MolSimDS */ = {
			isa = PBXGroup;
			children = (
				541F5E1616B93B48000A795F /* src */,
			);
			path = MolSimDS;
			sourceTree = "<group>";
		};
/* End PBXGroup section */

/* Begin PBXNativeTarget section */
		5432C7181687C2F000C7BAEF /* molsim */ = {
			isa = PBXNativeTarget;
			buildConfigurationList = 5432C7231687C2F000C7BAEF /* Build configuration list for PBXNativeTarget "molsim" */;
			buildPhases = (
				5432C7151687C2F000C7BAEF /* Sources */,
				5432C7161687C2F000C7BAEF /* Frameworks */,
				5432C7171687C2F000C7BAEF /* CopyFiles */,
			);
			buildRules = (
			);
			dependencies = (
			);
			name = molsim;
			productName = MolSimDS;
			productReference = 5432C7191687C2F000C7BAEF /* molsim */;
			productType = "com.apple.product-type.tool";
		};
/* End PBXNativeTarget section */

/* Begin PBXProject section */
		5432C7101687C2F000C7BAEF /* Project object */ = {
			isa = PBXProject;
			attributes = {
				LastUpgradeCheck = 0450;
				ORGANIZATIONNAME = "Leonhard Spiegelberg";
			};
			buildConfigurationList = 5432C7131687C2F000C7BAEF /* Build configuration list for PBXProject "MolSimDS" */;
			compatibilityVersion = "Xcode 3.2";
			developmentRegion = English;
			hasScannedForEncodings = 0;
			knownRegions = (
				en,
			);
			mainGroup = 5432C70E1687C2F000C7BAEF;
			productRefGroup = 5432C71A1687C2F000C7BAEF /* Products */;
			projectDirPath = "";
			projectRoot = "";
			targets = (
				5432C7181687C2F000C7BAEF /* molsim */,
			);
		};
/* End PBXProject section */

/* Begin PBXSourcesBuildPhase section */
		5432C7151687C2F000C7BAEF /* Sources */ = {
			isa = PBXSourcesBuildPhase;
			buildActionMask = 2147483647;
			files = (
				541F5E4D16B93B48000A795F /* FileReader.cpp in Sources */,
				541F5E4E16B93B48000A795F /* LinkedCellParticleContainer.cpp in Sources */,
				541F5E4F16B93B48000A795F /* ListParticleContainer.cpp in Sources */,
				541F5E5016B93B48000A795F /* Logging.cpp in Sources */,
				541F5E5116B93B48000A795F /* main.cpp in Sources */,
				541F5E5216B93B48000A795F /* MaxwellBoltzmannDistribution.cpp in Sources */,
				541F5E5316B93B48000A795F /* MembraneContainer.cpp in Sources */,
				541F5E5416B93B48000A795F /* MolSim.cpp in Sources */,
				541F5E5516B93B48000A795F /* vtk-unstructured.cpp in Sources */,
				541F5E5616B93B48000A795F /* VTKWriter.cpp in Sources */,
				541F5E5716B93B48000A795F /* XYZWriter.cpp in Sources */,
				541F5E5816B93B48000A795F /* Particle.cpp in Sources */,
				541F5E5916B93B48000A795F /* PerformanceTest.cpp in Sources */,
				541F5E5A16B93B48000A795F /* Simulation.cpp in Sources */,
				541F5E5B16B93B48000A795F /* TXTFile.cpp in Sources */,
				541F5E5C16B93B48000A795F /* Color.cpp in Sources */,
				541F5E5D16B93B48000A795F /* Viewer.cpp in Sources */,
				541F5E5E16B93B48000A795F /* simulationfile.cpp in Sources */,
				541F5E5F16B93B48000A795F /* XMLFileReader.cpp in Sources */,
			);
			runOnlyForDeploymentPostprocessing = 0;
		};
/* End PBXSourcesBuildPhase section */

/* Begin XCBuildConfiguration section */
		5432C7211687C2F000C7BAEF /* Debug */ = {
			isa = XCBuildConfiguration;
			buildSettings = {
				ALWAYS_SEARCH_USER_PATHS = NO;
				ARCHS = "$(ARCHS_STANDARD_64_BIT)";
				CLANG_CXX_LANGUAGE_STANDARD = "gnu++0x";
				CLANG_CXX_LIBRARY = "libc++";
				CLANG_ENABLE_OBJC_ARC = YES;
				CLANG_WARN_EMPTY_BODY = YES;
				CLANG_WARN__DUPLICATE_METHOD_MATCH = YES;
				CONFIGURATION_BUILD_DIR = "$(BUILD_DIR)";
				COPY_PHASE_STRIP = NO;
				GCC_C_LANGUAGE_STANDARD = gnu99;
				GCC_DYNAMIC_NO_PIC = NO;
				GCC_ENABLE_OBJC_EXCEPTIONS = YES;
				GCC_OPTIMIZATION_LEVEL = 0;
				GCC_PREPROCESSOR_DEFINITIONS = (
					"DEBUG=1",
					"$(inherited)",
				);
				GCC_SYMBOLS_PRIVATE_EXTERN = NO;
				GCC_UNROLL_LOOPS = YES;
				GCC_WARN_64_TO_32_BIT_CONVERSION = YES;
				GCC_WARN_ABOUT_RETURN_TYPE = YES;
				GCC_WARN_UNINITIALIZED_AUTOS = YES;
				GCC_WARN_UNUSED_VARIABLE = YES;
				MACOSX_DEPLOYMENT_TARGET = 10.8;
				ONLY_ACTIVE_ARCH = YES;
				SDKROOT = macosx;
				SYMROOT = ./;
			};
			name = Debug;
		};
		5432C7221687C2F000C7BAEF /* Release */ = {
			isa = XCBuildConfiguration;
			buildSettings = {
				ALWAYS_SEARCH_USER_PATHS = NO;
				ARCHS = "$(ARCHS_STANDARD_64_BIT)";
				CLANG_CXX_LANGUAGE_STANDARD = "gnu++0x";
				CLANG_CXX_LIBRARY = "libc++";
				CLANG_ENABLE_OBJC_ARC = YES;
				CLANG_WARN_EMPTY_BODY = YES;
				CLANG_WARN__DUPLICATE_METHOD_MATCH = YES;
				CONFIGURATION_BUILD_DIR = "$(BUILD_DIR)";
				COPY_PHASE_STRIP = YES;
				DEBUG_INFORMATION_FORMAT = "dwarf-with-dsym";
				GCC_C_LANGUAGE_STANDARD = gnu99;
				GCC_ENABLE_OBJC_EXCEPTIONS = YES;
				GCC_OPTIMIZATION_LEVEL = 3;
				GCC_UNROLL_LOOPS = YES;
				GCC_WARN_64_TO_32_BIT_CONVERSION = YES;
				GCC_WARN_ABOUT_RETURN_TYPE = YES;
				GCC_WARN_UNINITIALIZED_AUTOS = YES;
				GCC_WARN_UNUSED_VARIABLE = YES;
				MACOSX_DEPLOYMENT_TARGET = 10.8;
				SDKROOT = macosx;
				SYMROOT = ./;
			};
			name = Release;
		};
		5432C7241687C2F000C7BAEF /* Debug */ = {
			isa = XCBuildConfiguration;
			buildSettings = {
				ALWAYS_SEARCH_USER_PATHS = YES;
				CLANG_CXX_LIBRARY = "libstdc++";
				ENABLE_OPENMP_SUPPORT = YES;
				GCC_ENABLE_SSE3_EXTENSIONS = YES;
				GCC_VERSION = com.apple.compilers.llvmgcc42;
				HEADER_SEARCH_PATHS = /usr/local/include;
				LIBRARY_SEARCH_PATHS = /usr/local/lib;
				ONLY_ACTIVE_ARCH = YES;
				OTHER_LDFLAGS = (
					"-framework",
					Cocoa,
					"-framework",
					OpenGL,
					"-lglfw",
					"-framework",
					IOKit,
					"-lboost_thread",
					"-lboost_system",
					"-llog4cxx",
					"-lcppunit",
					"-lxerces-c-3.1",
				);
				PRODUCT_NAME = "$(TARGET_NAME)";
			};
			name = Debug;
		};
		5432C7251687C2F000C7BAEF /* Release */ = {
			isa = XCBuildConfiguration;
			buildSettings = {
				ALWAYS_SEARCH_USER_PATHS = YES;
				CLANG_CXX_LIBRARY = "libstdc++";
				ENABLE_OPENMP_SUPPORT = YES;
				GCC_ENABLE_SSE3_EXTENSIONS = YES;
				GCC_VERSION = com.apple.compilers.llvmgcc42;
				HEADER_SEARCH_PATHS = /usr/local/include;
				LIBRARY_SEARCH_PATHS = /usr/local/lib;
				ONLY_ACTIVE_ARCH = YES;
				OTHER_LDFLAGS = (
					"-framework",
					Cocoa,
					"-framework",
					OpenGL,
					"-lglfw",
					"-framework",
					IOKit,
					"-lboost_thread",
					"-lboost_system",
					"-llog4cxx",
					"-lcppunit",
					"-lxerces-c-3.1",
				);
				PRODUCT_NAME = "$(TARGET_NAME)";
			};
			name = Release;
		};
/* End XCBuildConfiguration section */

/* Begin XCConfigurationList section */
		5432C7131687C2F000C7BAEF /* Build configuration list for PBXProject "MolSimDS" */ = {
			isa = XCConfigurationList;
			buildConfigurations = (
				5432C7211687C2F000C7BAEF /* Debug */,
				5432C7221687C2F000C7BAEF /* Release */,
			);
			defaultConfigurationIsVisible = 0;
			defaultConfigurationName = Release;
		};
		5432C7231687C2F000C7BAEF /* Build configuration list for PBXNativeTarget "molsim" */ = {
			isa = XCConfigurationList;
			buildConfigurations = (
				5432C7241687C2F000C7BAEF /* Debug */,
				5432C7251687C2F000C7BAEF /* Release */,
			);
			defaultConfigurationIsVisible = 0;
			defaultConfigurationName = Release;
		};
/* End XCConfigurationList section */
	};
	rootObject = 5432C7101687C2F000C7BAEF /* Project object */;
}
