<?xml version="1.0" encoding="utf-8"?>
<Project ToolsVersion="4.0" xmlns="http://schemas.microsoft.com/developer/msbuild/2003">
  <ItemGroup>
    <ClCompile Include="src\FileReader.cpp">
      <Filter>Source</Filter>
    </ClCompile>
    <ClCompile Include="src\utils\Color.cpp">
      <Filter>Source</Filter>
    </ClCompile>
    <ClCompile Include="src\LinkedCellParticleContainer.cpp">
      <Filter>Source</Filter>
    </ClCompile>
    <ClCompile Include="src\ListParticleContainer.cpp">
      <Filter>Source</Filter>
    </ClCompile>
    <ClCompile Include="src\MaxwellBoltzmannDistribution.cpp">
      <Filter>Source</Filter>
    </ClCompile>
    <ClCompile Include="src\main.cpp">
      <Filter>Source</Filter>
    </ClCompile>
    <ClCompile Include="src\MembraneContainer.cpp">
      <Filter>Source</Filter>
    </ClCompile>
    <ClCompile Include="src\MolSim.cpp">
      <Filter>Source</Filter>
    </ClCompile>
    <ClCompile Include="src\PerformanceTest.cpp">
      <Filter>Source</Filter>
    </ClCompile>
    <ClCompile Include="src\Particle.cpp">
      <Filter>Source</Filter>
    </ClCompile>
    <ClCompile Include="src\Logging.cpp">
      <Filter>Source</Filter>
    </ClCompile>
    <ClCompile Include="src\Simulation.cpp">
      <Filter>Source</Filter>
    </ClCompile>
    <ClCompile Include="src\XMLFile\simulationfile.cpp">
      <Filter>Source</Filter>
    </ClCompile>
    <ClCompile Include="src\TXTFile.cpp">
      <Filter>Source</Filter>
    </ClCompile>
    <ClCompile Include="src\Viewer.cpp">
      <Filter>Source</Filter>
    </ClCompile>
    <ClCompile Include="src\outputWriter\vtk-unstructured.cpp">
      <Filter>Source</Filter>
    </ClCompile>
    <ClCompile Include="src\XMLFileReader.cpp">
      <Filter>Source</Filter>
    </ClCompile>
    <ClCompile Include="src\outputWriter\XYZWriter.cpp">
      <Filter>Source</Filter>
    </ClCompile>
    <ClCompile Include="src\outputWriter\VTKWriter.cpp">
      <Filter>Source</Filter>
    </ClCompile>
  </ItemGroup>
  <ItemGroup>
    <ClInclude Include="src\utils\Base.h">
      <Filter>Header</Filter>
    </ClInclude>
    <ClInclude Include="src\outputWriter\XYZWriter.h">
      <Filter>Header</Filter>
    </ClInclude>
    <ClInclude Include="src\utils\Color.h">
      <Filter>Header</Filter>
    </ClInclude>
    <ClInclude Include="src\FileReader.h">
      <Filter>Header</Filter>
    </ClInclude>
    <ClInclude Include="src\utils\Helper.h">
      <Filter>Header</Filter>
    </ClInclude>
    <ClInclude Include="src\LinkedCellParticleContainer.h">
      <Filter>Header</Filter>
    </ClInclude>
    <ClInclude Include="src\ListParticleContainer.h">
      <Filter>Header</Filter>
    </ClInclude>
    <ClInclude Include="src\Logging.h">
      <Filter>Header</Filter>
    </ClInclude>
    <ClInclude Include="src\MaxwellBoltzmannDistribution.h">
      <Filter>Header</Filter>
    </ClInclude>
    <ClInclude Include="src\MembraneContainer.h">
      <Filter>Header</Filter>
    </ClInclude>
    <ClInclude Include="src\MolSim.h">
      <Filter>Header</Filter>
    </ClInclude>
    <ClInclude Include="src\Particle.h">
      <Filter>Header</Filter>
    </ClInclude>
    <ClInclude Include="src\ParticleContainer.h">
      <Filter>Header</Filter>
    </ClInclude>
    <ClInclude Include="src\ParticleContainerTest.h">
      <Filter>Header</Filter>
    </ClInclude>
    <ClInclude Include="src\ParticleGenerator.h">
      <Filter>Header</Filter>
    </ClInclude>
    <ClInclude Include="src\PerformanceTest.h">
      <Filter>Header</Filter>
    </ClInclude>
    <ClInclude Include="src\utils\Plane.h">
      <Filter>Header</Filter>
    </ClInclude>
    <ClInclude Include="src\Simulation.h">
      <Filter>Header</Filter>
    </ClInclude>
    <ClInclude Include="src\SimulationDesc.h">
      <Filter>Header</Filter>
    </ClInclude>
    <ClInclude Include="src\XMLFile\simulationfile.h">
      <Filter>Header</Filter>
    </ClInclude>
    <ClInclude Include="src\utils\TFastArray.h">
      <Filter>Header</Filter>
    </ClInclude>
    <ClInclude Include="src\utils\Timer.h">
      <Filter>Header</Filter>
    </ClInclude>
    <ClInclude Include="src\TXTFile.h">
      <Filter>Header</Filter>
    </ClInclude>
    <ClInclude Include="src\utils\utils.h">
      <Filter>Header</Filter>
    </ClInclude>
    <ClInclude Include="src\utils\Vector.h">
      <Filter>Header</Filter>
    </ClInclude>
    <ClInclude Include="src\Viewer.h">
      <Filter>Header</Filter>
    </ClInclude>
    <ClInclude Include="src\outputWriter\vtk-unstructured.h">
      <Filter>Header</Filter>
    </ClInclude>
    <ClInclude Include="src\outputWriter\VTKWriter.h">
      <Filter>Header</Filter>
    </ClInclude>
    <ClInclude Include="src\XMLFileReader.h">
      <Filter>Header</Filter>
    </ClInclude>
    <ClInclude Include="src\XMLFileReaderTest.h">
      <Filter>Header</Filter>
    </ClInclude>
  </ItemGroup>
  <ItemGroup>
    <CXX_Tree_Mapping_Rule Include="src\outputWriter\vtk-unstructured.xsd">
      <Filter>xml</Filter>
    </CXX_Tree_Mapping_Rule>
    <CXX_Tree_Mapping_Rule Include="xml\simulationfile.xsd">
      <Filter>xml</Filter>
    </CXX_Tree_Mapping_Rule>
  </ItemGroup>
  <ItemGroup>
    <Filter Include="Source">
      <UniqueIdentifier>{9d4576d1-e417-47ff-b72e-1b0aa7f07d8c}</UniqueIdentifier>
      <Extensions>*.cpp</Extensions>
    </Filter>
    <Filter Include="Header">
      <UniqueIdentifier>{18a92b45-39ce-4c41-a84d-cc65aff9511c}</UniqueIdentifier>
      <Extensions>*.h</Extensions>
    </Filter>
    <Filter Include="xml">
      <UniqueIdentifier>{a444367e-7e9b-46d9-a375-bea428388f52}</UniqueIdentifier>
    </Filter>
  </ItemGroup>
  <ItemGroup>
    <None Include="xml\FallingDrop.xml">
      <Filter>xml</Filter>
    </None>
    <None Include="xml\FallingDropInitialize.xml">
      <Filter>xml</Filter>
    </None>
    <None Include="xml\Membrane.xml">
      <Filter>xml</Filter>
    </None>
    <None Include="xml\PerformanceTest.xml">
      <Filter>xml</Filter>
    </None>
    <None Include="xml\RayleighTaylor3D.xml">
      <Filter>xml</Filter>
    </None>
    <None Include="xml\RayleighTaylor3DPerf.xml">
      <Filter>xml</Filter>
    </None>
    <None Include="xml\ThermostatBig.xml">
      <Filter>xml</Filter>
    </None>
    <None Include="xml\ThermostatSmall.xml">
      <Filter>xml</Filter>
    </None>
    <None Include="xml\ArgonEquilibration.xml">
      <Filter>xml</Filter>
    </None>
  </ItemGroup>
</Project>